// !$*UTF8*$!
{
	archiveVersion = 1;
	classes = {
	};
	objectVersion = 46;
	objects = {

/* Begin PBXBuildFile section */
		6E121DC51AEA7D06006A5BFB /* QuartzCore.framework in Frameworks */ = {isa = PBXBuildFile; fileRef = 6E121DC41AEA7D06006A5BFB /* QuartzCore.framework */; };
		6E12D0681AE3FB76000EE4E4 /* multiBeacon.png in Resources */ = {isa = PBXBuildFile; fileRef = 6E12D0671AE3FB76000EE4E4 /* multiBeacon.png */; };
		6E2C9F0D1AE3FD8700F04543 /* infoViewController.m in Sources */ = {isa = PBXBuildFile; fileRef = 6E2C9F0C1AE3FD8700F04543 /* infoViewController.m */; };
		6E2C9F0F1AE3FFAB00F04543 /* info.png in Resources */ = {isa = PBXBuildFile; fileRef = 6E2C9F0E1AE3FFAB00F04543 /* info.png */; };
		6E2C9F121AE406BD00F04543 /* LicenceViewController.m in Sources */ = {isa = PBXBuildFile; fileRef = 6E2C9F111AE406BD00F04543 /* LicenceViewController.m */; };
		6E2C9F151AE40A2700F04543 /* MultiCentralViewController.m in Sources */ = {isa = PBXBuildFile; fileRef = 6E2C9F141AE40A2700F04543 /* MultiCentralViewController.m */; };
		6E53CE6F1AE15461005567C7 /* CentralViewController.m in Sources */ = {isa = PBXBuildFile; fileRef = 6E53CE6E1AE15461005567C7 /* CentralViewController.m */; };
		6E53CE721AE154C4005567C7 /* PeripheralViewController.m in Sources */ = {isa = PBXBuildFile; fileRef = 6E53CE711AE154C4005567C7 /* PeripheralViewController.m */; };
		6E53CE751AE15508005567C7 /* SettingViewController.m in Sources */ = {isa = PBXBuildFile; fileRef = 6E53CE741AE15508005567C7 /* SettingViewController.m */; };
		6E53CE771AE25E83005567C7 /* back.png in Resources */ = {isa = PBXBuildFile; fileRef = 6E53CE761AE25E83005567C7 /* back.png */; };
		6EA028F51AEA8394001AD014 /* logo.png in Resources */ = {isa = PBXBuildFile; fileRef = 6EA028F41AEA8394001AD014 /* logo.png */; };
		6EA2D9DC1AEA053100E535A4 /* update.png in Resources */ = {isa = PBXBuildFile; fileRef = 6EA2D9DB1AEA053100E535A4 /* update.png */; };
		6EA2D9DE1AEA1AE800E535A4 /* antenna.gif in Resources */ = {isa = PBXBuildFile; fileRef = 6EA2D9DD1AEA1AE800E535A4 /* antenna.gif */; };
		6EA2D9EB1AEA3B4200E535A4 /* Localizable.strings in Resources */ = {isa = PBXBuildFile; fileRef = 6EA2D9ED1AEA3B4200E535A4 /* Localizable.strings */; };
		6EA57C721ADA877900D31AC7 /* main.m in Sources */ = {isa = PBXBuildFile; fileRef = 6EA57C711ADA877900D31AC7 /* main.m */; };
		6EA57C751ADA877900D31AC7 /* AppDelegate.m in Sources */ = {isa = PBXBuildFile; fileRef = 6EA57C741ADA877900D31AC7 /* AppDelegate.m */; };
		6EA57C781ADA877900D31AC7 /* ViewController.m in Sources */ = {isa = PBXBuildFile; fileRef = 6EA57C771ADA877900D31AC7 /* ViewController.m */; };
		6EA57C7B1ADA877900D31AC7 /* Main.storyboard in Resources */ = {isa = PBXBuildFile; fileRef = 6EA57C791ADA877900D31AC7 /* Main.storyboard */; };
		6EA57C7D1ADA877900D31AC7 /* Images.xcassets in Resources */ = {isa = PBXBuildFile; fileRef = 6EA57C7C1ADA877900D31AC7 /* Images.xcassets */; };
		6EA57C801ADA877900D31AC7 /* LaunchScreen.xib in Resources */ = {isa = PBXBuildFile; fileRef = 6EA57C7E1ADA877900D31AC7 /* LaunchScreen.xib */; };
		6EA57C8C1ADA877900D31AC7 /* beaconMeasureTests.m in Sources */ = {isa = PBXBuildFile; fileRef = 6EA57C8B1ADA877900D31AC7 /* beaconMeasureTests.m */; };
		6EA57C981ADAA1D500D31AC7 /* iBeaconCentral.m in Sources */ = {isa = PBXBuildFile; fileRef = 6EA57C971ADAA1D500D31AC7 /* iBeaconCentral.m */; };
		6EA57C9A1ADAA20000D31AC7 /* CoreLocation.framework in Frameworks */ = {isa = PBXBuildFile; fileRef = 6EA57C991ADAA20000D31AC7 /* CoreLocation.framework */; };
		6EA57C9D1ADAA7F800D31AC7 /* iBeaconPeripheral.m in Sources */ = {isa = PBXBuildFile; fileRef = 6EA57C9C1ADAA7F700D31AC7 /* iBeaconPeripheral.m */; };
		6EA57C9F1ADAA80C00D31AC7 /* CoreBluetooth.framework in Frameworks */ = {isa = PBXBuildFile; fileRef = 6EA57C9E1ADAA80C00D31AC7 /* CoreBluetooth.framework */; };
		6EA57CE81ADAB8B200D31AC7 /* CHTumblrMenuView.m in Sources */ = {isa = PBXBuildFile; fileRef = 6EA57CE71ADAB8B200D31AC7 /* CHTumblrMenuView.m */; };
		6EA57CEC1ADABDCF00D31AC7 /* home.png in Resources */ = {isa = PBXBuildFile; fileRef = 6EA57CEB1ADABDCF00D31AC7 /* home.png */; };
		6EA57CEE1ADABF8300D31AC7 /* peripheral.png in Resources */ = {isa = PBXBuildFile; fileRef = 6EA57CED1ADABF8300D31AC7 /* peripheral.png */; };
		6EA57CF01ADAC1BD00D31AC7 /* central.png in Resources */ = {isa = PBXBuildFile; fileRef = 6EA57CEF1ADAC1BD00D31AC7 /* central.png */; };
		6EA57CF21ADAC26900D31AC7 /* settings.png in Resources */ = {isa = PBXBuildFile; fileRef = 6EA57CF11ADAC26900D31AC7 /* settings.png */; };
		CBA6F44C333074C77DC037A0 /* libPods.a in Frameworks */ = {isa = PBXBuildFile; fileRef = F3D68E1470447B9583EB9F7E /* libPods.a */; };
/* End PBXBuildFile section */

/* Begin PBXContainerItemProxy section */
		6EA57C861ADA877900D31AC7 /* PBXContainerItemProxy */ = {
			isa = PBXContainerItemProxy;
			containerPortal = 6EA57C641ADA877800D31AC7 /* Project object */;
			proxyType = 1;
			remoteGlobalIDString = 6EA57C6B1ADA877800D31AC7;
			remoteInfo = beaconMeasure;
		};
/* End PBXContainerItemProxy section */

/* Begin PBXFileReference section */
		56DFFAE81CC9FF5A5F91D3FD /* Pods.release.xcconfig */ = {isa = PBXFileReference; includeInIndex = 1; lastKnownFileType = text.xcconfig; name = Pods.release.xcconfig; path = "Pods/Target Support Files/Pods/Pods.release.xcconfig"; sourceTree = "<group>"; };
		6E121DC41AEA7D06006A5BFB /* QuartzCore.framework */ = {isa = PBXFileReference; lastKnownFileType = wrapper.framework; name = QuartzCore.framework; path = System/Library/Frameworks/QuartzCore.framework; sourceTree = SDKROOT; };
		6E12D0671AE3FB76000EE4E4 /* multiBeacon.png */ = {isa = PBXFileReference; lastKnownFileType = image.png; path = multiBeacon.png; sourceTree = "<group>"; };
		6E2C9F0B1AE3FD8700F04543 /* infoViewController.h */ = {isa = PBXFileReference; fileEncoding = 4; lastKnownFileType = sourcecode.c.h; path = infoViewController.h; sourceTree = "<group>"; };
		6E2C9F0C1AE3FD8700F04543 /* infoViewController.m */ = {isa = PBXFileReference; fileEncoding = 4; lastKnownFileType = sourcecode.c.objc; path = infoViewController.m; sourceTree = "<group>"; };
		6E2C9F0E1AE3FFAB00F04543 /* info.png */ = {isa = PBXFileReference; lastKnownFileType = image.png; path = info.png; sourceTree = "<group>"; };
		6E2C9F101AE406BD00F04543 /* LicenceViewController.h */ = {isa = PBXFileReference; fileEncoding = 4; lastKnownFileType = sourcecode.c.h; path = LicenceViewController.h; sourceTree = "<group>"; };
		6E2C9F111AE406BD00F04543 /* LicenceViewController.m */ = {isa = PBXFileReference; fileEncoding = 4; lastKnownFileType = sourcecode.c.objc; path = LicenceViewController.m; sourceTree = "<group>"; };
		6E2C9F131AE40A2700F04543 /* MultiCentralViewController.h */ = {isa = PBXFileReference; fileEncoding = 4; lastKnownFileType = sourcecode.c.h; path = MultiCentralViewController.h; sourceTree = "<group>"; };
		6E2C9F141AE40A2700F04543 /* MultiCentralViewController.m */ = {isa = PBXFileReference; fileEncoding = 4; lastKnownFileType = sourcecode.c.objc; path = MultiCentralViewController.m; sourceTree = "<group>"; };
		6E53CE6D1AE15461005567C7 /* CentralViewController.h */ = {isa = PBXFileReference; fileEncoding = 4; lastKnownFileType = sourcecode.c.h; path = CentralViewController.h; sourceTree = "<group>"; };
		6E53CE6E1AE15461005567C7 /* CentralViewController.m */ = {isa = PBXFileReference; fileEncoding = 4; lastKnownFileType = sourcecode.c.objc; path = CentralViewController.m; sourceTree = "<group>"; };
		6E53CE701AE154C4005567C7 /* PeripheralViewController.h */ = {isa = PBXFileReference; fileEncoding = 4; lastKnownFileType = sourcecode.c.h; path = PeripheralViewController.h; sourceTree = "<group>"; };
		6E53CE711AE154C4005567C7 /* PeripheralViewController.m */ = {isa = PBXFileReference; fileEncoding = 4; lastKnownFileType = sourcecode.c.objc; path = PeripheralViewController.m; sourceTree = "<group>"; };
		6E53CE731AE15508005567C7 /* SettingViewController.h */ = {isa = PBXFileReference; fileEncoding = 4; lastKnownFileType = sourcecode.c.h; path = SettingViewController.h; sourceTree = "<group>"; };
		6E53CE741AE15508005567C7 /* SettingViewController.m */ = {isa = PBXFileReference; fileEncoding = 4; lastKnownFileType = sourcecode.c.objc; path = SettingViewController.m; sourceTree = "<group>"; };
		6E53CE761AE25E83005567C7 /* back.png */ = {isa = PBXFileReference; lastKnownFileType = image.png; path = back.png; sourceTree = "<group>"; };
		6EA028F41AEA8394001AD014 /* logo.png */ = {isa = PBXFileReference; lastKnownFileType = image.png; name = logo.png; path = beaconMeasure/Resources/splash/logo.png; sourceTree = SOURCE_ROOT; };
		6EA2D9DB1AEA053100E535A4 /* update.png */ = {isa = PBXFileReference; lastKnownFileType = image.png; path = update.png; sourceTree = "<group>"; };
		6EA2D9DD1AEA1AE800E535A4 /* antenna.gif */ = {isa = PBXFileReference; lastKnownFileType = image.gif; path = antenna.gif; sourceTree = "<group>"; };
		6EA2D9DF1AEA36AA00E535A4 /* ja */ = {isa = PBXFileReference; lastKnownFileType = text.plist.strings; name = ja; path = ja.lproj/Main.strings; sourceTree = "<group>"; };
		6EA2D9E01AEA36AA00E535A4 /* ja */ = {isa = PBXFileReference; lastKnownFileType = text.plist.strings; name = ja; path = ja.lproj/LaunchScreen.strings; sourceTree = "<group>"; };
		6EA2D9E21AEA36DE00E535A4 /* en */ = {isa = PBXFileReference; lastKnownFileType = text.plist.strings; name = en; path = en.lproj/Main.strings; sourceTree = "<group>"; };
		6EA2D9E41AEA376E00E535A4 /* en */ = {isa = PBXFileReference; lastKnownFileType = text.plist.strings; name = en; path = en.lproj/LaunchScreen.strings; sourceTree = "<group>"; };
		6EA2D9E51AEA37C200E535A4 /* Base */ = {isa = PBXFileReference; lastKnownFileType = text.plist.xml; name = Base; path = Base.lproj/Info.plist; sourceTree = "<group>"; };
		6EA2D9E71AEA37C400E535A4 /* en */ = {isa = PBXFileReference; lastKnownFileType = text.plist.xml; name = en; path = en.lproj/Info.plist; sourceTree = "<group>"; };
		6EA2D9E81AEA37C500E535A4 /* ja */ = {isa = PBXFileReference; lastKnownFileType = text.plist.xml; name = ja; path = ja.lproj/Info.plist; sourceTree = "<group>"; };
		6EA2D9EC1AEA3B4200E535A4 /* Base */ = {isa = PBXFileReference; lastKnownFileType = text.plist.strings; name = Base; path = Base.lproj/Localizable.strings; sourceTree = "<group>"; };
		6EA2D9EE1AEA3B4400E535A4 /* en */ = {isa = PBXFileReference; lastKnownFileType = text.plist.strings; name = en; path = en.lproj/Localizable.strings; sourceTree = "<group>"; };
		6EA2D9EF1AEA3B4500E535A4 /* ja */ = {isa = PBXFileReference; lastKnownFileType = text.plist.strings; name = ja; path = ja.lproj/Localizable.strings; sourceTree = "<group>"; };
		6EA57C6C1ADA877800D31AC7 /* beaconMeasure.app */ = {isa = PBXFileReference; explicitFileType = wrapper.application; includeInIndex = 0; path = beaconMeasure.app; sourceTree = BUILT_PRODUCTS_DIR; };
		6EA57C711ADA877900D31AC7 /* main.m */ = {isa = PBXFileReference; lastKnownFileType = sourcecode.c.objc; path = main.m; sourceTree = "<group>"; };
		6EA57C731ADA877900D31AC7 /* AppDelegate.h */ = {isa = PBXFileReference; lastKnownFileType = sourcecode.c.h; path = AppDelegate.h; sourceTree = "<group>"; };
		6EA57C741ADA877900D31AC7 /* AppDelegate.m */ = {isa = PBXFileReference; lastKnownFileType = sourcecode.c.objc; path = AppDelegate.m; sourceTree = "<group>"; };
		6EA57C761ADA877900D31AC7 /* ViewController.h */ = {isa = PBXFileReference; lastKnownFileType = sourcecode.c.h; path = ViewController.h; sourceTree = "<group>"; };
		6EA57C771ADA877900D31AC7 /* ViewController.m */ = {isa = PBXFileReference; lastKnownFileType = sourcecode.c.objc; path = ViewController.m; sourceTree = "<group>"; };
		6EA57C7A1ADA877900D31AC7 /* Base */ = {isa = PBXFileReference; lastKnownFileType = file.storyboard; name = Base; path = Base.lproj/Main.storyboard; sourceTree = "<group>"; };
		6EA57C7C1ADA877900D31AC7 /* Images.xcassets */ = {isa = PBXFileReference; lastKnownFileType = folder.assetcatalog; path = Images.xcassets; sourceTree = "<group>"; };
		6EA57C7F1ADA877900D31AC7 /* Base */ = {isa = PBXFileReference; lastKnownFileType = file.xib; name = Base; path = Base.lproj/LaunchScreen.xib; sourceTree = "<group>"; };
		6EA57C851ADA877900D31AC7 /* beaconMeasureTests.xctest */ = {isa = PBXFileReference; explicitFileType = wrapper.cfbundle; includeInIndex = 0; path = beaconMeasureTests.xctest; sourceTree = BUILT_PRODUCTS_DIR; };
		6EA57C8A1ADA877900D31AC7 /* Info.plist */ = {isa = PBXFileReference; lastKnownFileType = text.plist.xml; path = Info.plist; sourceTree = "<group>"; };
		6EA57C8B1ADA877900D31AC7 /* beaconMeasureTests.m */ = {isa = PBXFileReference; lastKnownFileType = sourcecode.c.objc; path = beaconMeasureTests.m; sourceTree = "<group>"; };
		6EA57C961ADAA1D500D31AC7 /* iBeaconCentral.h */ = {isa = PBXFileReference; fileEncoding = 4; lastKnownFileType = sourcecode.c.h; path = iBeaconCentral.h; sourceTree = "<group>"; };
		6EA57C971ADAA1D500D31AC7 /* iBeaconCentral.m */ = {isa = PBXFileReference; fileEncoding = 4; lastKnownFileType = sourcecode.c.objc; path = iBeaconCentral.m; sourceTree = "<group>"; };
		6EA57C991ADAA20000D31AC7 /* CoreLocation.framework */ = {isa = PBXFileReference; lastKnownFileType = wrapper.framework; name = CoreLocation.framework; path = System/Library/Frameworks/CoreLocation.framework; sourceTree = SDKROOT; };
		6EA57C9B1ADAA7F700D31AC7 /* iBeaconPeripheral.h */ = {isa = PBXFileReference; fileEncoding = 4; lastKnownFileType = sourcecode.c.h; path = iBeaconPeripheral.h; sourceTree = "<group>"; };
		6EA57C9C1ADAA7F700D31AC7 /* iBeaconPeripheral.m */ = {isa = PBXFileReference; fileEncoding = 4; lastKnownFileType = sourcecode.c.objc; path = iBeaconPeripheral.m; sourceTree = "<group>"; };
		6EA57C9E1ADAA80C00D31AC7 /* CoreBluetooth.framework */ = {isa = PBXFileReference; lastKnownFileType = wrapper.framework; name = CoreBluetooth.framework; path = System/Library/Frameworks/CoreBluetooth.framework; sourceTree = SDKROOT; };
		6EA57CE61ADAB8B200D31AC7 /* CHTumblrMenuView.h */ = {isa = PBXFileReference; fileEncoding = 4; lastKnownFileType = sourcecode.c.h; path = CHTumblrMenuView.h; sourceTree = "<group>"; };
		6EA57CE71ADAB8B200D31AC7 /* CHTumblrMenuView.m */ = {isa = PBXFileReference; fileEncoding = 4; lastKnownFileType = sourcecode.c.objc; path = CHTumblrMenuView.m; sourceTree = "<group>"; };
		6EA57CEB1ADABDCF00D31AC7 /* home.png */ = {isa = PBXFileReference; lastKnownFileType = image.png; path = home.png; sourceTree = "<group>"; };
		6EA57CED1ADABF8300D31AC7 /* peripheral.png */ = {isa = PBXFileReference; lastKnownFileType = image.png; path = peripheral.png; sourceTree = "<group>"; };
		6EA57CEF1ADAC1BD00D31AC7 /* central.png */ = {isa = PBXFileReference; lastKnownFileType = image.png; path = central.png; sourceTree = "<group>"; };
		6EA57CF11ADAC26900D31AC7 /* settings.png */ = {isa = PBXFileReference; lastKnownFileType = image.png; path = settings.png; sourceTree = "<group>"; };
		C2DDA2D2E1C7871AA582FECB /* Pods.debug.xcconfig */ = {isa = PBXFileReference; includeInIndex = 1; lastKnownFileType = text.xcconfig; name = Pods.debug.xcconfig; path = "Pods/Target Support Files/Pods/Pods.debug.xcconfig"; sourceTree = "<group>"; };
		F3D68E1470447B9583EB9F7E /* libPods.a */ = {isa = PBXFileReference; explicitFileType = archive.ar; includeInIndex = 0; path = libPods.a; sourceTree = BUILT_PRODUCTS_DIR; };
/* End PBXFileReference section */

/* Begin PBXFrameworksBuildPhase section */
		6EA57C691ADA877800D31AC7 /* Frameworks */ = {
			isa = PBXFrameworksBuildPhase;
			buildActionMask = 2147483647;
			files = (
				6E121DC51AEA7D06006A5BFB /* QuartzCore.framework in Frameworks */,
				6EA57C9F1ADAA80C00D31AC7 /* CoreBluetooth.framework in Frameworks */,
				6EA57C9A1ADAA20000D31AC7 /* CoreLocation.framework in Frameworks */,
				CBA6F44C333074C77DC037A0 /* libPods.a in Frameworks */,
			);
			runOnlyForDeploymentPostprocessing = 0;
		};
		6EA57C821ADA877900D31AC7 /* Frameworks */ = {
			isa = PBXFrameworksBuildPhase;
			buildActionMask = 2147483647;
			files = (
			);
			runOnlyForDeploymentPostprocessing = 0;
		};
/* End PBXFrameworksBuildPhase section */

/* Begin PBXGroup section */
		318FCE2CC6D907CCFD1FA182 /* Frameworks */ = {
			isa = PBXGroup;
			children = (
				6E121DC41AEA7D06006A5BFB /* QuartzCore.framework */,
				F3D68E1470447B9583EB9F7E /* libPods.a */,
			);
			name = Frameworks;
			sourceTree = "<group>";
		};
		6E53CE6C1AE15433005567C7 /* Controllers */ = {
			isa = PBXGroup;
			children = (
				6EA57C761ADA877900D31AC7 /* ViewController.h */,
				6EA57C771ADA877900D31AC7 /* ViewController.m */,
				6E53CE6D1AE15461005567C7 /* CentralViewController.h */,
				6E53CE6E1AE15461005567C7 /* CentralViewController.m */,
				6E53CE701AE154C4005567C7 /* PeripheralViewController.h */,
				6E53CE711AE154C4005567C7 /* PeripheralViewController.m */,
				6E53CE731AE15508005567C7 /* SettingViewController.h */,
				6E53CE741AE15508005567C7 /* SettingViewController.m */,
				6E2C9F0B1AE3FD8700F04543 /* infoViewController.h */,
				6E2C9F0C1AE3FD8700F04543 /* infoViewController.m */,
				6E2C9F101AE406BD00F04543 /* LicenceViewController.h */,
				6E2C9F111AE406BD00F04543 /* LicenceViewController.m */,
				6E2C9F131AE40A2700F04543 /* MultiCentralViewController.h */,
				6E2C9F141AE40A2700F04543 /* MultiCentralViewController.m */,
			);
			name = Controllers;
			sourceTree = "<group>";
		};
		6EA57C631ADA877800D31AC7 = {
			isa = PBXGroup;
			children = (
				6EA57C6E1ADA877800D31AC7 /* beaconMeasure */,
				6EA57CC51ADAB82C00D31AC7 /* Framework */,
				6EA57C881ADA877900D31AC7 /* beaconMeasureTests */,
				6EA57C6D1ADA877800D31AC7 /* Products */,
				DC31FEAFF081D3B8E3C076C5 /* Pods */,
				318FCE2CC6D907CCFD1FA182 /* Frameworks */,
			);
			sourceTree = "<group>";
		};
		6EA57C6D1ADA877800D31AC7 /* Products */ = {
			isa = PBXGroup;
			children = (
				6EA57C6C1ADA877800D31AC7 /* beaconMeasure.app */,
				6EA57C851ADA877900D31AC7 /* beaconMeasureTests.xctest */,
			);
			name = Products;
			sourceTree = "<group>";
		};
		6EA57C6E1ADA877800D31AC7 /* beaconMeasure */ = {
			isa = PBXGroup;
			children = (
				6E53CE6C1AE15433005567C7 /* Controllers */,
				6EA57C951ADAA19500D31AC7 /* Libs */,
				6EA57C731ADA877900D31AC7 /* AppDelegate.h */,
				6EA57C741ADA877900D31AC7 /* AppDelegate.m */,
				6EA57C791ADA877900D31AC7 /* Main.storyboard */,
				6EA57C7C1ADA877900D31AC7 /* Images.xcassets */,
				6EA57C7E1ADA877900D31AC7 /* LaunchScreen.xib */,
				6EA57C6F1ADA877900D31AC7 /* Supporting Files */,
			);
			path = beaconMeasure;
			sourceTree = "<group>";
		};
		6EA57C6F1ADA877900D31AC7 /* Supporting Files */ = {
			isa = PBXGroup;
			children = (
				6EA57CA31ADAB58100D31AC7 /* Resources */,
				6EA2D9E61AEA37C200E535A4 /* Info.plist */,
				6EA57C711ADA877900D31AC7 /* main.m */,
				6EA2D9ED1AEA3B4200E535A4 /* Localizable.strings */,
			);
			name = "Supporting Files";
			sourceTree = "<group>";
		};
		6EA57C881ADA877900D31AC7 /* beaconMeasureTests */ = {
			isa = PBXGroup;
			children = (
				6EA57C8B1ADA877900D31AC7 /* beaconMeasureTests.m */,
				6EA57C891ADA877900D31AC7 /* Supporting Files */,
			);
			path = beaconMeasureTests;
			sourceTree = "<group>";
		};
		6EA57C891ADA877900D31AC7 /* Supporting Files */ = {
			isa = PBXGroup;
			children = (
				6EA57C8A1ADA877900D31AC7 /* Info.plist */,
			);
			name = "Supporting Files";
			sourceTree = "<group>";
		};
		6EA57C951ADAA19500D31AC7 /* Libs */ = {
			isa = PBXGroup;
			children = (
				6EA57CE61ADAB8B200D31AC7 /* CHTumblrMenuView.h */,
				6EA57CE71ADAB8B200D31AC7 /* CHTumblrMenuView.m */,
				6EA57C961ADAA1D500D31AC7 /* iBeaconCentral.h */,
				6EA57C971ADAA1D500D31AC7 /* iBeaconCentral.m */,
				6EA57C9B1ADAA7F700D31AC7 /* iBeaconPeripheral.h */,
				6EA57C9C1ADAA7F700D31AC7 /* iBeaconPeripheral.m */,
			);
			path = Libs;
			sourceTree = "<group>";
		};
		6EA57CA31ADAB58100D31AC7 /* Resources */ = {
			isa = PBXGroup;
			children = (
				6EA57CA41ADAB5BC00D31AC7 /* Images */,
			);
			path = Resources;
			sourceTree = "<group>";
		};
		6EA57CA41ADAB5BC00D31AC7 /* Images */ = {
			isa = PBXGroup;
			children = (
				6EA028F41AEA8394001AD014 /* logo.png */,
				6EA2D9DD1AEA1AE800E535A4 /* antenna.gif */,
				6EA2D9DB1AEA053100E535A4 /* update.png */,
				6E2C9F0E1AE3FFAB00F04543 /* info.png */,
				6E12D0671AE3FB76000EE4E4 /* multiBeacon.png */,
				6E53CE761AE25E83005567C7 /* back.png */,
				6EA57CF11ADAC26900D31AC7 /* settings.png */,
				6EA57CEF1ADAC1BD00D31AC7 /* central.png */,
				6EA57CED1ADABF8300D31AC7 /* peripheral.png */,
				6EA57CEB1ADABDCF00D31AC7 /* home.png */,
			);
			path = Images;
			sourceTree = "<group>";
		};
		6EA57CC51ADAB82C00D31AC7 /* Framework */ = {
			isa = PBXGroup;
			children = (
				6EA57C991ADAA20000D31AC7 /* CoreLocation.framework */,
				6EA57C9E1ADAA80C00D31AC7 /* CoreBluetooth.framework */,
			);
			name = Framework;
			sourceTree = "<group>";
		};
		DC31FEAFF081D3B8E3C076C5 /* Pods */ = {
			isa = PBXGroup;
			children = (
				C2DDA2D2E1C7871AA582FECB /* Pods.debug.xcconfig */,
				56DFFAE81CC9FF5A5F91D3FD /* Pods.release.xcconfig */,
			);
			name = Pods;
			sourceTree = "<group>";
		};
/* End PBXGroup section */

/* Begin PBXNativeTarget section */
		6EA57C6B1ADA877800D31AC7 /* beaconMeasure */ = {
			isa = PBXNativeTarget;
			buildConfigurationList = 6EA57C8F1ADA877900D31AC7 /* Build configuration list for PBXNativeTarget "beaconMeasure" */;
			buildPhases = (
				1B2820A51EBBD3F1DA8FC741 /* Check Pods Manifest.lock */,
				6EA57C681ADA877800D31AC7 /* Sources */,
				6EA57C691ADA877800D31AC7 /* Frameworks */,
				6EA57C6A1ADA877800D31AC7 /* Resources */,
				0E2126D373EB8646C0F6E64D /* Copy Pods Resources */,
			);
			buildRules = (
			);
			dependencies = (
			);
			name = beaconMeasure;
			productName = beaconMeasure;
			productReference = 6EA57C6C1ADA877800D31AC7 /* beaconMeasure.app */;
			productType = "com.apple.product-type.application";
		};
		6EA57C841ADA877900D31AC7 /* beaconMeasureTests */ = {
			isa = PBXNativeTarget;
			buildConfigurationList = 6EA57C921ADA877900D31AC7 /* Build configuration list for PBXNativeTarget "beaconMeasureTests" */;
			buildPhases = (
				6EA57C811ADA877900D31AC7 /* Sources */,
				6EA57C821ADA877900D31AC7 /* Frameworks */,
				6EA57C831ADA877900D31AC7 /* Resources */,
			);
			buildRules = (
			);
			dependencies = (
				6EA57C871ADA877900D31AC7 /* PBXTargetDependency */,
			);
			name = beaconMeasureTests;
			productName = beaconMeasureTests;
			productReference = 6EA57C851ADA877900D31AC7 /* beaconMeasureTests.xctest */;
			productType = "com.apple.product-type.bundle.unit-test";
		};
/* End PBXNativeTarget section */

/* Begin PBXProject section */
		6EA57C641ADA877800D31AC7 /* Project object */ = {
			isa = PBXProject;
			attributes = {
				LastUpgradeCheck = 0630;
				ORGANIZATIONNAME = grandbig.github.io;
				TargetAttributes = {
					6EA57C6B1ADA877800D31AC7 = {
						CreatedOnToolsVersion = 6.3;
					};
					6EA57C841ADA877900D31AC7 = {
						CreatedOnToolsVersion = 6.3;
						TestTargetID = 6EA57C6B1ADA877800D31AC7;
					};
				};
			};
			buildConfigurationList = 6EA57C671ADA877800D31AC7 /* Build configuration list for PBXProject "beaconMeasure" */;
			compatibilityVersion = "Xcode 3.2";
			developmentRegion = English;
			hasScannedForEncodings = 0;
			knownRegions = (
				en,
				Base,
				ja,
			);
			mainGroup = 6EA57C631ADA877800D31AC7;
			productRefGroup = 6EA57C6D1ADA877800D31AC7 /* Products */;
			projectDirPath = "";
			projectRoot = "";
			targets = (
				6EA57C6B1ADA877800D31AC7 /* beaconMeasure */,
				6EA57C841ADA877900D31AC7 /* beaconMeasureTests */,
			);
		};
/* End PBXProject section */

/* Begin PBXResourcesBuildPhase section */
		6EA57C6A1ADA877800D31AC7 /* Resources */ = {
			isa = PBXResourcesBuildPhase;
			buildActionMask = 2147483647;
			files = (
				6EA2D9DE1AEA1AE800E535A4 /* antenna.gif in Resources */,
				6EA57CF01ADAC1BD00D31AC7 /* central.png in Resources */,
				6E2C9F0F1AE3FFAB00F04543 /* info.png in Resources */,
				6EA57CEE1ADABF8300D31AC7 /* peripheral.png in Resources */,
				6EA028F51AEA8394001AD014 /* logo.png in Resources */,
				6EA2D9DC1AEA053100E535A4 /* update.png in Resources */,
				6EA57C7B1ADA877900D31AC7 /* Main.storyboard in Resources */,
				6E12D0681AE3FB76000EE4E4 /* multiBeacon.png in Resources */,
				6EA57C801ADA877900D31AC7 /* LaunchScreen.xib in Resources */,
				6E53CE771AE25E83005567C7 /* back.png in Resources */,
				6EA2D9EB1AEA3B4200E535A4 /* Localizable.strings in Resources */,
				6EA57C7D1ADA877900D31AC7 /* Images.xcassets in Resources */,
				6EA57CEC1ADABDCF00D31AC7 /* home.png in Resources */,
				6EA57CF21ADAC26900D31AC7 /* settings.png in Resources */,
			);
			runOnlyForDeploymentPostprocessing = 0;
		};
		6EA57C831ADA877900D31AC7 /* Resources */ = {
			isa = PBXResourcesBuildPhase;
			buildActionMask = 2147483647;
			files = (
			);
			runOnlyForDeploymentPostprocessing = 0;
		};
/* End PBXResourcesBuildPhase section */

/* Begin PBXShellScriptBuildPhase section */
		0E2126D373EB8646C0F6E64D /* Copy Pods Resources */ = {
			isa = PBXShellScriptBuildPhase;
			buildActionMask = 2147483647;
			files = (
			);
			inputPaths = (
			);
			name = "Copy Pods Resources";
			outputPaths = (
			);
			runOnlyForDeploymentPostprocessing = 0;
			shellPath = /bin/sh;
			shellScript = "\"${SRCROOT}/Pods/Target Support Files/Pods/Pods-resources.sh\"\n";
			showEnvVarsInLog = 0;
		};
		1B2820A51EBBD3F1DA8FC741 /* Check Pods Manifest.lock */ = {
			isa = PBXShellScriptBuildPhase;
			buildActionMask = 2147483647;
			files = (
			);
			inputPaths = (
			);
			name = "Check Pods Manifest.lock";
			outputPaths = (
			);
			runOnlyForDeploymentPostprocessing = 0;
			shellPath = /bin/sh;
			shellScript = "diff \"${PODS_ROOT}/../Podfile.lock\" \"${PODS_ROOT}/Manifest.lock\" > /dev/null\nif [[ $? != 0 ]] ; then\n    cat << EOM\nerror: The sandbox is not in sync with the Podfile.lock. Run 'pod install' or update your CocoaPods installation.\nEOM\n    exit 1\nfi\n";
			showEnvVarsInLog = 0;
		};
/* End PBXShellScriptBuildPhase section */

/* Begin PBXSourcesBuildPhase section */
		6EA57C681ADA877800D31AC7 /* Sources */ = {
			isa = PBXSourcesBuildPhase;
			buildActionMask = 2147483647;
			files = (
				6E53CE721AE154C4005567C7 /* PeripheralViewController.m in Sources */,
				6EA57C9D1ADAA7F800D31AC7 /* iBeaconPeripheral.m in Sources */,
				6E53CE6F1AE15461005567C7 /* CentralViewController.m in Sources */,
				6EA57C781ADA877900D31AC7 /* ViewController.m in Sources */,
				6E2C9F121AE406BD00F04543 /* LicenceViewController.m in Sources */,
				6EA57C981ADAA1D500D31AC7 /* iBeaconCentral.m in Sources */,
				6E53CE751AE15508005567C7 /* SettingViewController.m in Sources */,
				6EA57C751ADA877900D31AC7 /* AppDelegate.m in Sources */,
				6EA57CE81ADAB8B200D31AC7 /* CHTumblrMenuView.m in Sources */,
				6E2C9F0D1AE3FD8700F04543 /* infoViewController.m in Sources */,
				6E2C9F151AE40A2700F04543 /* MultiCentralViewController.m in Sources */,
				6EA57C721ADA877900D31AC7 /* main.m in Sources */,
			);
			runOnlyForDeploymentPostprocessing = 0;
		};
		6EA57C811ADA877900D31AC7 /* Sources */ = {
			isa = PBXSourcesBuildPhase;
			buildActionMask = 2147483647;
			files = (
				6EA57C8C1ADA877900D31AC7 /* beaconMeasureTests.m in Sources */,
			);
			runOnlyForDeploymentPostprocessing = 0;
		};
/* End PBXSourcesBuildPhase section */

/* Begin PBXTargetDependency section */
		6EA57C871ADA877900D31AC7 /* PBXTargetDependency */ = {
			isa = PBXTargetDependency;
			target = 6EA57C6B1ADA877800D31AC7 /* beaconMeasure */;
			targetProxy = 6EA57C861ADA877900D31AC7 /* PBXContainerItemProxy */;
		};
/* End PBXTargetDependency section */

/* Begin PBXVariantGroup section */
		6EA2D9E61AEA37C200E535A4 /* Info.plist */ = {
			isa = PBXVariantGroup;
			children = (
				6EA2D9E51AEA37C200E535A4 /* Base */,
				6EA2D9E71AEA37C400E535A4 /* en */,
				6EA2D9E81AEA37C500E535A4 /* ja */,
			);
			name = Info.plist;
			sourceTree = "<group>";
		};
		6EA2D9ED1AEA3B4200E535A4 /* Localizable.strings */ = {
			isa = PBXVariantGroup;
			children = (
				6EA2D9EC1AEA3B4200E535A4 /* Base */,
				6EA2D9EE1AEA3B4400E535A4 /* en */,
				6EA2D9EF1AEA3B4500E535A4 /* ja */,
			);
			name = Localizable.strings;
			sourceTree = "<group>";
		};
		6EA57C791ADA877900D31AC7 /* Main.storyboard */ = {
			isa = PBXVariantGroup;
			children = (
				6EA57C7A1ADA877900D31AC7 /* Base */,
				6EA2D9DF1AEA36AA00E535A4 /* ja */,
				6EA2D9E21AEA36DE00E535A4 /* en */,
			);
			name = Main.storyboard;
			sourceTree = "<group>";
		};
		6EA57C7E1ADA877900D31AC7 /* LaunchScreen.xib */ = {
			isa = PBXVariantGroup;
			children = (
				6EA57C7F1ADA877900D31AC7 /* Base */,
				6EA2D9E01AEA36AA00E535A4 /* ja */,
				6EA2D9E41AEA376E00E535A4 /* en */,
			);
			name = LaunchScreen.xib;
			sourceTree = "<group>";
		};
/* End PBXVariantGroup section */

/* Begin XCBuildConfiguration section */
		6EA57C8D1ADA877900D31AC7 /* Debug */ = {
			isa = XCBuildConfiguration;
			buildSettings = {
				ALWAYS_SEARCH_USER_PATHS = NO;
				CLANG_CXX_LANGUAGE_STANDARD = "gnu++0x";
				CLANG_CXX_LIBRARY = "libc++";
				CLANG_ENABLE_MODULES = YES;
				CLANG_ENABLE_OBJC_ARC = YES;
				CLANG_WARN_BOOL_CONVERSION = YES;
				CLANG_WARN_CONSTANT_CONVERSION = YES;
				CLANG_WARN_DIRECT_OBJC_ISA_USAGE = YES_ERROR;
				CLANG_WARN_EMPTY_BODY = YES;
				CLANG_WARN_ENUM_CONVERSION = YES;
				CLANG_WARN_INT_CONVERSION = YES;
				CLANG_WARN_OBJC_ROOT_CLASS = YES_ERROR;
				CLANG_WARN_UNREACHABLE_CODE = YES;
				CLANG_WARN__DUPLICATE_METHOD_MATCH = YES;
				CODE_SIGN_IDENTITY = "iPhone Developer: Takahiro Kato (2NYFNN4N85)";
				"CODE_SIGN_IDENTITY[sdk=iphoneos*]" = "iPhone Developer: Takahiro Kato (2NYFNN4N85)";
				COPY_PHASE_STRIP = NO;
				DEBUG_INFORMATION_FORMAT = "dwarf-with-dsym";
				ENABLE_STRICT_OBJC_MSGSEND = YES;
				GCC_C_LANGUAGE_STANDARD = gnu99;
				GCC_DYNAMIC_NO_PIC = NO;
				GCC_NO_COMMON_BLOCKS = YES;
				GCC_OPTIMIZATION_LEVEL = 0;
				GCC_PREPROCESSOR_DEFINITIONS = (
					"DEBUG=1",
					"$(inherited)",
				);
				GCC_SYMBOLS_PRIVATE_EXTERN = NO;
				GCC_WARN_64_TO_32_BIT_CONVERSION = YES;
				GCC_WARN_ABOUT_RETURN_TYPE = YES_ERROR;
				GCC_WARN_UNDECLARED_SELECTOR = YES;
				GCC_WARN_UNINITIALIZED_AUTOS = YES_AGGRESSIVE;
				GCC_WARN_UNUSED_FUNCTION = YES;
				GCC_WARN_UNUSED_VARIABLE = YES;
				IPHONEOS_DEPLOYMENT_TARGET = 8.3;
				MTL_ENABLE_DEBUG_INFO = YES;
				ONLY_ACTIVE_ARCH = YES;
				PROVISIONING_PROFILE = "9bbd2ea3-2572-4e17-aa46-9c19ebd00c1d";
				SDKROOT = iphoneos;
			};
			name = Debug;
		};
		6EA57C8E1ADA877900D31AC7 /* Release */ = {
			isa = XCBuildConfiguration;
			buildSettings = {
				ALWAYS_SEARCH_USER_PATHS = NO;
				CLANG_CXX_LANGUAGE_STANDARD = "gnu++0x";
				CLANG_CXX_LIBRARY = "libc++";
				CLANG_ENABLE_MODULES = YES;
				CLANG_ENABLE_OBJC_ARC = YES;
				CLANG_WARN_BOOL_CONVERSION = YES;
				CLANG_WARN_CONSTANT_CONVERSION = YES;
				CLANG_WARN_DIRECT_OBJC_ISA_USAGE = YES_ERROR;
				CLANG_WARN_EMPTY_BODY = YES;
				CLANG_WARN_ENUM_CONVERSION = YES;
				CLANG_WARN_INT_CONVERSION = YES;
				CLANG_WARN_OBJC_ROOT_CLASS = YES_ERROR;
				CLANG_WARN_UNREACHABLE_CODE = YES;
				CLANG_WARN__DUPLICATE_METHOD_MATCH = YES;
				CODE_SIGN_IDENTITY = "iPhone Developer: Takahiro Kato (2NYFNN4N85)";
				"CODE_SIGN_IDENTITY[sdk=iphoneos*]" = "iPhone Developer: Takahiro Kato (2NYFNN4N85)";
				COPY_PHASE_STRIP = NO;
				DEBUG_INFORMATION_FORMAT = "dwarf-with-dsym";
				ENABLE_NS_ASSERTIONS = NO;
				ENABLE_STRICT_OBJC_MSGSEND = YES;
				GCC_C_LANGUAGE_STANDARD = gnu99;
				GCC_NO_COMMON_BLOCKS = YES;
				GCC_WARN_64_TO_32_BIT_CONVERSION = YES;
				GCC_WARN_ABOUT_RETURN_TYPE = YES_ERROR;
				GCC_WARN_UNDECLARED_SELECTOR = YES;
				GCC_WARN_UNINITIALIZED_AUTOS = YES_AGGRESSIVE;
				GCC_WARN_UNUSED_FUNCTION = YES;
				GCC_WARN_UNUSED_VARIABLE = YES;
				IPHONEOS_DEPLOYMENT_TARGET = 8.3;
				MTL_ENABLE_DEBUG_INFO = NO;
				PROVISIONING_PROFILE = "9bbd2ea3-2572-4e17-aa46-9c19ebd00c1d";
				SDKROOT = iphoneos;
				VALIDATE_PRODUCT = YES;
			};
			name = Release;
		};
		6EA57C901ADA877900D31AC7 /* Debug */ = {
			isa = XCBuildConfiguration;
			baseConfigurationReference = C2DDA2D2E1C7871AA582FECB /* Pods.debug.xcconfig */;
			buildSettings = {
				ASSETCATALOG_COMPILER_APPICON_NAME = AppIcon;
				ASSETCATALOG_COMPILER_LAUNCHIMAGE_NAME = LaunchImage;
				CODE_SIGN_IDENTITY = "iPhone Developer: Takahiro Kato (2NYFNN4N85)";
				INFOPLIST_FILE = beaconMeasure/Base.lproj/Info.plist;
				IPHONEOS_DEPLOYMENT_TARGET = 7.0;
				LD_RUNPATH_SEARCH_PATHS = "$(inherited) @executable_path/Frameworks";
				PRODUCT_NAME = "$(TARGET_NAME)";
				PROVISIONING_PROFILE = "9bbd2ea3-2572-4e17-aa46-9c19ebd00c1d";
			};
			name = Debug;
		};
		6EA57C911ADA877900D31AC7 /* Release */ = {
			isa = XCBuildConfiguration;
			baseConfigurationReference = 56DFFAE81CC9FF5A5F91D3FD /* Pods.release.xcconfig */;
			buildSettings = {
				ASSETCATALOG_COMPILER_APPICON_NAME = AppIcon;
				ASSETCATALOG_COMPILER_LAUNCHIMAGE_NAME = LaunchImage;
				CODE_SIGN_IDENTITY = "iPhone Developer: Takahiro Kato (2NYFNN4N85)";
				INFOPLIST_FILE = beaconMeasure/Base.lproj/Info.plist;
				IPHONEOS_DEPLOYMENT_TARGET = 7.0;
				LD_RUNPATH_SEARCH_PATHS = "$(inherited) @executable_path/Frameworks";
				PRODUCT_NAME = "$(TARGET_NAME)";
				PROVISIONING_PROFILE = "9bbd2ea3-2572-4e17-aa46-9c19ebd00c1d";
			};
			name = Release;
		};
		6EA57C931ADA877900D31AC7 /* Debug */ = {
			isa = XCBuildConfiguration;
			buildSettings = {
				BUNDLE_LOADER = "$(TEST_HOST)";
				FRAMEWORK_SEARCH_PATHS = (
					"$(SDKROOT)/Developer/Library/Frameworks",
					"$(inherited)",
				);
				GCC_PREPROCESSOR_DEFINITIONS = (
					"DEBUG=1",
					"$(inherited)",
				);
				INFOPLIST_FILE = beaconMeasureTests/Info.plist;
				LD_RUNPATH_SEARCH_PATHS = "$(inherited) @executable_path/Frameworks @loader_path/Frameworks";
				PRODUCT_NAME = "$(TARGET_NAME)";
				TEST_HOST = "$(BUILT_PRODUCTS_DIR)/beaconMeasure.app/beaconMeasure";
			};
			name = Debug;
		};
		6EA57C941ADA877900D31AC7 /* Release */ = {
			isa = XCBuildConfiguration;
			buildSettings = {
				BUNDLE_LOADER = "$(TEST_HOST)";
				FRAMEWORK_SEARCH_PATHS = (
					"$(SDKROOT)/Developer/Library/Frameworks",
					"$(inherited)",
				);
				INFOPLIST_FILE = beaconMeasureTests/Info.plist;
				LD_RUNPATH_SEARCH_PATHS = "$(inherited) @executable_path/Frameworks @loader_path/Frameworks";
				PRODUCT_NAME = "$(TARGET_NAME)";
				TEST_HOST = "$(BUILT_PRODUCTS_DIR)/beaconMeasure.app/beaconMeasure";
			};
			name = Release;
		};
/* End XCBuildConfiguration section */

/* Begin XCConfigurationList section */
		6EA57C671ADA877800D31AC7 /* Build configuration list for PBXProject "beaconMeasure" */ = {
			isa = XCConfigurationList;
			buildConfigurations = (
				6EA57C8D1ADA877900D31AC7 /* Debug */,
				6EA57C8E1ADA877900D31AC7 /* Release */,
			);
			defaultConfigurationIsVisible = 0;
			defaultConfigurationName = Release;
		};
		6EA57C8F1ADA877900D31AC7 /* Build configuration list for PBXNativeTarget "beaconMeasure" */ = {
			isa = XCConfigurationList;
			buildConfigurations = (
				6EA57C901ADA877900D31AC7 /* Debug */,
				6EA57C911ADA877900D31AC7 /* Release */,
			);
			defaultConfigurationIsVisible = 0;
			defaultConfigurationName = Release;
		};
		6EA57C921ADA877900D31AC7 /* Build configuration list for PBXNativeTarget "beaconMeasureTests" */ = {
			isa = XCConfigurationList;
			buildConfigurations = (
				6EA57C931ADA877900D31AC7 /* Debug */,
				6EA57C941ADA877900D31AC7 /* Release */,
			);
			defaultConfigurationIsVisible = 0;
			defaultConfigurationName = Release;
		};
/* End XCConfigurationList section */
	};
	rootObject = 6EA57C641ADA877800D31AC7 /* Project object */;
}
